
Microsoft Visual Studio Solution File, Format Version 12.00
# Visual Studio Version 17
VisualStudioVersion = 17.5.33627.172
MinimumVisualStudioVersion = 10.0.40219.1
Project("{9A19103F-16F7-4668-BE54-9A1E7A4F7556}") = "CLive", "CLive\CLive.csproj", "{AC0C0BAE-B0C5-4B51-8B06-9EB6114EF0E7}"
EndProject
Global
	GlobalSection(SolutionConfigurationPlatforms) = preSolution
		Debug|Any CPU = Debug|Any CPU
		Release|Any CPU = Release|Any CPU
	EndGlobalSection
	GlobalSection(ProjectConfigurationPlatforms) = postSolution
		{AC0C0BAE-B0C5-4B51-8B06-9EB6114EF0E7}.Debug|Any CPU.ActiveCfg = Debug|Any CPU
		{AC0C0BAE-B0C5-4B51-8B06-9EB6114EF0E7}.Debug|Any CPU.Build.0 = Debug|Any CPU
		{AC0C0BAE-B0C5-4B51-8B06-9EB6114EF0E7}.Release|Any CPU.ActiveCfg = Release|Any CPU
		{AC0C0BAE-B0C5-4B51-8B06-9EB6114EF0E7}.Release|Any CPU.Build.0 = Release|Any CPU
	EndGlobalSection
	GlobalSection(SolutionProperties) = preSolution
		HideSolutionNode = FALSE
	EndGlobalSection
	GlobalSection(ExtensibilityGlobals) = postSolution
		SolutionGuid = {15039AD2-E439-4212-81BE-8132FC254653}
	EndGlobalSection
EndGlobal
